
Microsoft Visual Studio Solution File, Format Version 12.00
# Visual Studio Version 17
VisualStudioVersion = 17.9.34622.214
MinimumVisualStudioVersion = 10.0.40219.1
Project("{9A19103F-16F7-4668-BE54-9A1E7A4F7556}") = "RecursosHumanosAPI", "RecursosHumanosAPI\RecursosHumanosAPI.csproj", "{9DCE4133-9453-4B0C-B478-B57297F96FAE}"
EndProject
Project("{2150E333-8FDC-42A3-9474-1A3956D46DE8}") = "Solution Items", "Solution Items", "{73C8EC60-E24B-478D-851F-EA449478BCB5}"
	ProjectSection(SolutionItems) = preProject
		.editorconfig = .editorconfig
	EndProjectSection
EndProject
Project("{9A19103F-16F7-4668-BE54-9A1E7A4F7556}") = "Portalklk", "Portalklk\Portalklk.csproj", "{0C0D68E8-402F-4CD5-8201-5A38CB2B2A96}"
EndProject
Project("{9A19103F-16F7-4668-BE54-9A1E7A4F7556}") = "RecursosHumanos.Shared", "RecursosHumanos.Shared\RecursosHumanos.Shared.csproj", "{DE19CD08-CDCF-4DD8-BDB8-8D17AB680393}"
EndProject
Global
	GlobalSection(SolutionConfigurationPlatforms) = preSolution
		Debug|Any CPU = Debug|Any CPU
		Release|Any CPU = Release|Any CPU
	EndGlobalSection
	GlobalSection(ProjectConfigurationPlatforms) = postSolution
		{9DCE4133-9453-4B0C-B478-B57297F96FAE}.Debug|Any CPU.ActiveCfg = Debug|Any CPU
		{9DCE4133-9453-4B0C-B478-B57297F96FAE}.Debug|Any CPU.Build.0 = Debug|Any CPU
		{9DCE4133-9453-4B0C-B478-B57297F96FAE}.Release|Any CPU.ActiveCfg = Release|Any CPU
		{9DCE4133-9453-4B0C-B478-B57297F96FAE}.Release|Any CPU.Build.0 = Release|Any CPU
		{0C0D68E8-402F-4CD5-8201-5A38CB2B2A96}.Debug|Any CPU.ActiveCfg = Debug|Any CPU
		{0C0D68E8-402F-4CD5-8201-5A38CB2B2A96}.Debug|Any CPU.Build.0 = Debug|Any CPU
		{0C0D68E8-402F-4CD5-8201-5A38CB2B2A96}.Release|Any CPU.ActiveCfg = Release|Any CPU
		{0C0D68E8-402F-4CD5-8201-5A38CB2B2A96}.Release|Any CPU.Build.0 = Release|Any CPU
		{DE19CD08-CDCF-4DD8-BDB8-8D17AB680393}.Debug|Any CPU.ActiveCfg = Debug|Any CPU
		{DE19CD08-CDCF-4DD8-BDB8-8D17AB680393}.Debug|Any CPU.Build.0 = Debug|Any CPU
		{DE19CD08-CDCF-4DD8-BDB8-8D17AB680393}.Release|Any CPU.ActiveCfg = Release|Any CPU
		{DE19CD08-CDCF-4DD8-BDB8-8D17AB680393}.Release|Any CPU.Build.0 = Release|Any CPU
	EndGlobalSection
	GlobalSection(SolutionProperties) = preSolution
		HideSolutionNode = FALSE
	EndGlobalSection
	GlobalSection(ExtensibilityGlobals) = postSolution
		SolutionGuid = {4BF7A6C3-3A7F-41C3-AEB5-1FB790B187E1}
	EndGlobalSection
EndGlobal
